
Microsoft Visual Studio Solution File, Format Version 12.00
# Visual Studio Version 17
VisualStudioVersion = 17.14.36603.0 d17.14
MinimumVisualStudioVersion = 10.0.40219.1
Project("{FAE04EC0-301F-11D3-BF4B-00C04F79EFBC}") = "awsdemo.api", "awsdemo.api.csproj", "{6CF62FE7-D0A6-4A90-8E7C-73F554D21B79}"
EndProject
Global
	GlobalSection(SolutionConfigurationPlatforms) = preSolution
		Debug|Any CPU = Debug|Any CPU
		Release|Any CPU = Release|Any CPU
	EndGlobalSection
	GlobalSection(ProjectConfigurationPlatforms) = postSolution
		{6CF62FE7-D0A6-4A90-8E7C-73F554D21B79}.Debug|Any CPU.ActiveCfg = Debug|Any CPU
		{6CF62FE7-D0A6-4A90-8E7C-73F554D21B79}.Debug|Any CPU.Build.0 = Debug|Any CPU
		{6CF62FE7-D0A6-4A90-8E7C-73F554D21B79}.Release|Any CPU.ActiveCfg = Release|Any CPU
		{6CF62FE7-D0A6-4A90-8E7C-73F554D21B79}.Release|Any CPU.Build.0 = Release|Any CPU
	EndGlobalSection
	GlobalSection(SolutionProperties) = preSolution
		HideSolutionNode = FALSE
	EndGlobalSection
	GlobalSection(ExtensibilityGlobals) = postSolution
		SolutionGuid = {D3B70F75-32FA-49E1-AE69-F376520571B1}
	EndGlobalSection
EndGlobal
